{
  "name": "dn-old",
  "version": "0.0.1",
  "lockfileVersion": 1,
  "requires": true,
  "dependencies": {
    "@interactjs/types": {
      "version": "1.9.20",
      "resolved": "https://registry.npmjs.org/@interactjs/types/-/types-1.9.20.tgz",
      "integrity": "sha512-Pc0//Ha9+peuJzvnVN8TScWgIHRk7ehf+PPV2vwRQkcmsYgiGDy+sxSDbjB/25jJxrgaj/I4lLyRZEw1Wdve9Q=="
    },
    "interactjs": {
      "version": "1.9.20",
      "resolved": "https://registry.npmjs.org/interactjs/-/interactjs-1.9.20.tgz",
      "integrity": "sha512-PxKinDWxutsLDOuZEXRmq6WUhdK3/82IIiC4tisNY/pMgPaUI/F564RxdmrTEw9ukYh+DSE8Gb9owQdA1pdo0g==",
      "requires": {
        "@interactjs/types": "1.9.20"
      }
    }
  }
}
