# THIS IS AN AUTOGENERATED FILE. DO NOT EDIT THIS FILE DIRECTLY.
# yarn lockfile v1


immer@^6.0.5:
  version "6.0.5"
  resolved "https://registry.yarnpkg.com/immer/-/immer-6.0.5.tgz#77187d13b71c6cee40dde3b8e87a50a7a636d630"
  integrity sha512-Q2wd90qrgFieIpLzAO2q9NLEdmyp/sr76Ml4Vm5peUKgyTa2CQa3ey8zuzwSKOlKH7grCeGBGUcLLVCVW1aguA==
