# THIS IS AN AUTOGENERATED FILE. DO NOT EDIT THIS FILE DIRECTLY.
# yarn lockfile v1


"@interactjs/types@1.9.19":
  version "1.9.19"
  resolved "https://registry.yarnpkg.com/@interactjs/types/-/types-1.9.19.tgz#f096eb395ca190995c083497c755b65be0a88677"
  integrity sha512-PcaY5MmQTH5eiI525d57eB+/OH6V7utU5FfkbjfvYdFV2dE8NXjYlKiXOy7G0/Y08PyXPhge60TFaYOMYqmIUQ==

interactjs@^1.9.19:
  version "1.9.19"
  resolved "https://registry.yarnpkg.com/interactjs/-/interactjs-1.9.19.tgz#f3fabdeefb078eb6db4bbc7dcb405c90c2ad2b41"
  integrity sha512-ChmOCu0MMUuwvag/WpmgH3sGTDZ5WwnUCPSXwc+gFKyTNVUs5HsSj+WBj0/hdA7cBwscMe24vergPcwrs8vLmQ==
  dependencies:
    "@interactjs/types" "1.9.19"
